
Microsoft Visual Studio Solution File, Format Version 12.00
# Visual Studio Version 17
VisualStudioVersion = 17.7.34024.191
MinimumVisualStudioVersion = 10.0.40219.1
Project("{FAE04EC0-301F-11D3-BF4B-00C04F79EFBC}") = "example7", "example7\example7.csproj", "{B7AFC774-4229-4A2E-BD0D-ED2BAAF34A45}"
EndProject
Global
	GlobalSection(SolutionConfigurationPlatforms) = preSolution
		Debug|Any CPU = Debug|Any CPU
		Release|Any CPU = Release|Any CPU
	EndGlobalSection
	GlobalSection(ProjectConfigurationPlatforms) = postSolution
		{B7AFC774-4229-4A2E-BD0D-ED2BAAF34A45}.Debug|Any CPU.ActiveCfg = Debug|Any CPU
		{B7AFC774-4229-4A2E-BD0D-ED2BAAF34A45}.Debug|Any CPU.Build.0 = Debug|Any CPU
		{B7AFC774-4229-4A2E-BD0D-ED2BAAF34A45}.Release|Any CPU.ActiveCfg = Release|Any CPU
		{B7AFC774-4229-4A2E-BD0D-ED2BAAF34A45}.Release|Any CPU.Build.0 = Release|Any CPU
	EndGlobalSection
	GlobalSection(SolutionProperties) = preSolution
		HideSolutionNode = FALSE
	EndGlobalSection
	GlobalSection(ExtensibilityGlobals) = postSolution
		SolutionGuid = {0FF3CD14-570A-4808-8C42-22CEA094DC1D}
	EndGlobalSection
EndGlobal
