
Microsoft Visual Studio Solution File, Format Version 12.00
# Visual Studio Version 17
VisualStudioVersion = 17.7.34024.191
MinimumVisualStudioVersion = 10.0.40219.1
Project("{FAE04EC0-301F-11D3-BF4B-00C04F79EFBC}") = "example8", "example8\example8.csproj", "{52871316-5765-49F1-89AC-DD5C556C1486}"
EndProject
Global
	GlobalSection(SolutionConfigurationPlatforms) = preSolution
		Debug|Any CPU = Debug|Any CPU
		Release|Any CPU = Release|Any CPU
	EndGlobalSection
	GlobalSection(ProjectConfigurationPlatforms) = postSolution
		{52871316-5765-49F1-89AC-DD5C556C1486}.Debug|Any CPU.ActiveCfg = Debug|Any CPU
		{52871316-5765-49F1-89AC-DD5C556C1486}.Debug|Any CPU.Build.0 = Debug|Any CPU
		{52871316-5765-49F1-89AC-DD5C556C1486}.Release|Any CPU.ActiveCfg = Release|Any CPU
		{52871316-5765-49F1-89AC-DD5C556C1486}.Release|Any CPU.Build.0 = Release|Any CPU
	EndGlobalSection
	GlobalSection(SolutionProperties) = preSolution
		HideSolutionNode = FALSE
	EndGlobalSection
	GlobalSection(ExtensibilityGlobals) = postSolution
		SolutionGuid = {19A17A3B-218A-4A79-8944-FB75C51E402D}
	EndGlobalSection
EndGlobal
