
Microsoft Visual Studio Solution File, Format Version 12.00
# Visual Studio Version 17
VisualStudioVersion = 17.7.34024.191
MinimumVisualStudioVersion = 10.0.40219.1
Project("{FAE04EC0-301F-11D3-BF4B-00C04F79EFBC}") = "example11", "example11\example11.csproj", "{ADBBF2C3-619A-43EA-8D7F-56DBC9EE7F75}"
EndProject
Global
	GlobalSection(SolutionConfigurationPlatforms) = preSolution
		Debug|Any CPU = Debug|Any CPU
		Release|Any CPU = Release|Any CPU
	EndGlobalSection
	GlobalSection(ProjectConfigurationPlatforms) = postSolution
		{ADBBF2C3-619A-43EA-8D7F-56DBC9EE7F75}.Debug|Any CPU.ActiveCfg = Debug|Any CPU
		{ADBBF2C3-619A-43EA-8D7F-56DBC9EE7F75}.Debug|Any CPU.Build.0 = Debug|Any CPU
		{ADBBF2C3-619A-43EA-8D7F-56DBC9EE7F75}.Release|Any CPU.ActiveCfg = Release|Any CPU
		{ADBBF2C3-619A-43EA-8D7F-56DBC9EE7F75}.Release|Any CPU.Build.0 = Release|Any CPU
	EndGlobalSection
	GlobalSection(SolutionProperties) = preSolution
		HideSolutionNode = FALSE
	EndGlobalSection
	GlobalSection(ExtensibilityGlobals) = postSolution
		SolutionGuid = {D84B4C42-3915-4FFF-9168-88C5DFDB3E8D}
	EndGlobalSection
EndGlobal
