
Microsoft Visual Studio Solution File, Format Version 12.00
# Visual Studio Version 17
VisualStudioVersion = 17.7.34024.191
MinimumVisualStudioVersion = 10.0.40219.1
Project("{FAE04EC0-301F-11D3-BF4B-00C04F79EFBC}") = "example3", "example3\example3.csproj", "{4D5F2E87-895B-47AB-9BE6-94A4C68B757E}"
EndProject
Global
	GlobalSection(SolutionConfigurationPlatforms) = preSolution
		Debug|Any CPU = Debug|Any CPU
		Release|Any CPU = Release|Any CPU
	EndGlobalSection
	GlobalSection(ProjectConfigurationPlatforms) = postSolution
		{4D5F2E87-895B-47AB-9BE6-94A4C68B757E}.Debug|Any CPU.ActiveCfg = Debug|Any CPU
		{4D5F2E87-895B-47AB-9BE6-94A4C68B757E}.Debug|Any CPU.Build.0 = Debug|Any CPU
		{4D5F2E87-895B-47AB-9BE6-94A4C68B757E}.Release|Any CPU.ActiveCfg = Release|Any CPU
		{4D5F2E87-895B-47AB-9BE6-94A4C68B757E}.Release|Any CPU.Build.0 = Release|Any CPU
	EndGlobalSection
	GlobalSection(SolutionProperties) = preSolution
		HideSolutionNode = FALSE
	EndGlobalSection
	GlobalSection(ExtensibilityGlobals) = postSolution
		SolutionGuid = {5EFEBDB6-1403-4FDE-80BF-F7A3598A72FD}
	EndGlobalSection
EndGlobal
