
Microsoft Visual Studio Solution File, Format Version 12.00
# Visual Studio Version 17
VisualStudioVersion = 17.7.34024.191
MinimumVisualStudioVersion = 10.0.40219.1
Project("{FAE04EC0-301F-11D3-BF4B-00C04F79EFBC}") = "дз1", "дз1\дз1.csproj", "{6B44D1AE-69B8-4BF2-A5A2-3D88DBC1C128}"
EndProject
Global
	GlobalSection(SolutionConfigurationPlatforms) = preSolution
		Debug|Any CPU = Debug|Any CPU
		Release|Any CPU = Release|Any CPU
	EndGlobalSection
	GlobalSection(ProjectConfigurationPlatforms) = postSolution
		{6B44D1AE-69B8-4BF2-A5A2-3D88DBC1C128}.Debug|Any CPU.ActiveCfg = Debug|Any CPU
		{6B44D1AE-69B8-4BF2-A5A2-3D88DBC1C128}.Debug|Any CPU.Build.0 = Debug|Any CPU
		{6B44D1AE-69B8-4BF2-A5A2-3D88DBC1C128}.Release|Any CPU.ActiveCfg = Release|Any CPU
		{6B44D1AE-69B8-4BF2-A5A2-3D88DBC1C128}.Release|Any CPU.Build.0 = Release|Any CPU
	EndGlobalSection
	GlobalSection(SolutionProperties) = preSolution
		HideSolutionNode = FALSE
	EndGlobalSection
	GlobalSection(ExtensibilityGlobals) = postSolution
		SolutionGuid = {4A833D4D-A3C6-4A22-A7E9-DEDE705B841E}
	EndGlobalSection
EndGlobal
