
Microsoft Visual Studio Solution File, Format Version 12.00
# Visual Studio Version 17
VisualStudioVersion = 17.7.34024.191
MinimumVisualStudioVersion = 10.0.40219.1
Project("{FAE04EC0-301F-11D3-BF4B-00C04F79EFBC}") = "examaple5", "examaple5\examaple5.csproj", "{BE9B4A6C-C772-4125-A53F-B67EC0C3F354}"
EndProject
Global
	GlobalSection(SolutionConfigurationPlatforms) = preSolution
		Debug|Any CPU = Debug|Any CPU
		Release|Any CPU = Release|Any CPU
	EndGlobalSection
	GlobalSection(ProjectConfigurationPlatforms) = postSolution
		{BE9B4A6C-C772-4125-A53F-B67EC0C3F354}.Debug|Any CPU.ActiveCfg = Debug|Any CPU
		{BE9B4A6C-C772-4125-A53F-B67EC0C3F354}.Debug|Any CPU.Build.0 = Debug|Any CPU
		{BE9B4A6C-C772-4125-A53F-B67EC0C3F354}.Release|Any CPU.ActiveCfg = Release|Any CPU
		{BE9B4A6C-C772-4125-A53F-B67EC0C3F354}.Release|Any CPU.Build.0 = Release|Any CPU
	EndGlobalSection
	GlobalSection(SolutionProperties) = preSolution
		HideSolutionNode = FALSE
	EndGlobalSection
	GlobalSection(ExtensibilityGlobals) = postSolution
		SolutionGuid = {8C36602A-8736-494E-A12E-32A2B3DE559D}
	EndGlobalSection
EndGlobal
