
Microsoft Visual Studio Solution File, Format Version 12.00
# Visual Studio Version 17
VisualStudioVersion = 17.7.34024.191
MinimumVisualStudioVersion = 10.0.40219.1
Project("{FAE04EC0-301F-11D3-BF4B-00C04F79EFBC}") = "dz01.1", "dz01.1\dz01.1.csproj", "{8BE902A1-DFAB-4050-A4CD-09B3D9FE27E4}"
EndProject
Global
	GlobalSection(SolutionConfigurationPlatforms) = preSolution
		Debug|Any CPU = Debug|Any CPU
		Release|Any CPU = Release|Any CPU
	EndGlobalSection
	GlobalSection(ProjectConfigurationPlatforms) = postSolution
		{8BE902A1-DFAB-4050-A4CD-09B3D9FE27E4}.Debug|Any CPU.ActiveCfg = Debug|Any CPU
		{8BE902A1-DFAB-4050-A4CD-09B3D9FE27E4}.Debug|Any CPU.Build.0 = Debug|Any CPU
		{8BE902A1-DFAB-4050-A4CD-09B3D9FE27E4}.Release|Any CPU.ActiveCfg = Release|Any CPU
		{8BE902A1-DFAB-4050-A4CD-09B3D9FE27E4}.Release|Any CPU.Build.0 = Release|Any CPU
	EndGlobalSection
	GlobalSection(SolutionProperties) = preSolution
		HideSolutionNode = FALSE
	EndGlobalSection
	GlobalSection(ExtensibilityGlobals) = postSolution
		SolutionGuid = {C0CC923C-1371-4395-A94B-C4312671B468}
	EndGlobalSection
EndGlobal
