
Microsoft Visual Studio Solution File, Format Version 12.00
# Visual Studio Version 17
VisualStudioVersion = 17.7.34024.191
MinimumVisualStudioVersion = 10.0.40219.1
Project("{FAE04EC0-301F-11D3-BF4B-00C04F79EFBC}") = "dz01.2", "dz01.2\dz01.2.csproj", "{B08615A0-BA8B-4985-8F79-0C38F5B37200}"
EndProject
Global
	GlobalSection(SolutionConfigurationPlatforms) = preSolution
		Debug|Any CPU = Debug|Any CPU
		Release|Any CPU = Release|Any CPU
	EndGlobalSection
	GlobalSection(ProjectConfigurationPlatforms) = postSolution
		{B08615A0-BA8B-4985-8F79-0C38F5B37200}.Debug|Any CPU.ActiveCfg = Debug|Any CPU
		{B08615A0-BA8B-4985-8F79-0C38F5B37200}.Debug|Any CPU.Build.0 = Debug|Any CPU
		{B08615A0-BA8B-4985-8F79-0C38F5B37200}.Release|Any CPU.ActiveCfg = Release|Any CPU
		{B08615A0-BA8B-4985-8F79-0C38F5B37200}.Release|Any CPU.Build.0 = Release|Any CPU
	EndGlobalSection
	GlobalSection(SolutionProperties) = preSolution
		HideSolutionNode = FALSE
	EndGlobalSection
	GlobalSection(ExtensibilityGlobals) = postSolution
		SolutionGuid = {174B07A4-5155-49EF-B1F7-56571EFDFA78}
	EndGlobalSection
EndGlobal
